
Microsoft Visual Studio Solution File, Format Version 12.00
# Visual Studio Version 17
VisualStudioVersion = 17.13.35931.197 d17.13
MinimumVisualStudioVersion = 10.0.40219.1
Project("{FAE04EC0-301F-11D3-BF4B-00C04F79EFBC}") = "JointPresentationService.Domain", "JointPresentationService.Domain\JointPresentationService.Domain.csproj", "{7CB3CD99-A1A0-41BE-B7DB-B8486C5CB958}"
EndProject
Project("{FAE04EC0-301F-11D3-BF4B-00C04F79EFBC}") = "JointPresentationService.WebApi", "JointPresentationService.WebApi\JointPresentationService.WebApi.csproj", "{214F7374-9226-437B-A6A8-4095366F24DE}"
EndProject
Project("{FAE04EC0-301F-11D3-BF4B-00C04F79EFBC}") = "JointPresentationService.Persistence", "JointPresentationService.Persistence\JointPresentationService.Persistence.csproj", "{74DB2F17-7E3E-4955-BA15-E59EB1E030FE}"
EndProject
Project("{FAE04EC0-301F-11D3-BF4B-00C04F79EFBC}") = "JointPresentationService.Infrastructure", "JointPresentationService.Infrastructure\JointPresentationService.Infrastructure.csproj", "{960BFDA8-0D0B-4915-BF4D-A45327C41F9F}"
EndProject
Project("{FAE04EC0-301F-11D3-BF4B-00C04F79EFBC}") = "JointPresentationService.Application", "JointPresentationService.Application\JointPresentationService.Application.csproj", "{3BFFCC60-1478-419E-BD83-25FC7EBB081E}"
EndProject
Global
	GlobalSection(SolutionConfigurationPlatforms) = preSolution
		Debug|Any CPU = Debug|Any CPU
		Release|Any CPU = Release|Any CPU
	EndGlobalSection
	GlobalSection(ProjectConfigurationPlatforms) = postSolution
		{7CB3CD99-A1A0-41BE-B7DB-B8486C5CB958}.Debug|Any CPU.ActiveCfg = Debug|Any CPU
		{7CB3CD99-A1A0-41BE-B7DB-B8486C5CB958}.Debug|Any CPU.Build.0 = Debug|Any CPU
		{7CB3CD99-A1A0-41BE-B7DB-B8486C5CB958}.Release|Any CPU.ActiveCfg = Release|Any CPU
		{7CB3CD99-A1A0-41BE-B7DB-B8486C5CB958}.Release|Any CPU.Build.0 = Release|Any CPU
		{214F7374-9226-437B-A6A8-4095366F24DE}.Debug|Any CPU.ActiveCfg = Debug|Any CPU
		{214F7374-9226-437B-A6A8-4095366F24DE}.Debug|Any CPU.Build.0 = Debug|Any CPU
		{214F7374-9226-437B-A6A8-4095366F24DE}.Release|Any CPU.ActiveCfg = Release|Any CPU
		{214F7374-9226-437B-A6A8-4095366F24DE}.Release|Any CPU.Build.0 = Release|Any CPU
		{74DB2F17-7E3E-4955-BA15-E59EB1E030FE}.Debug|Any CPU.ActiveCfg = Debug|Any CPU
		{74DB2F17-7E3E-4955-BA15-E59EB1E030FE}.Debug|Any CPU.Build.0 = Debug|Any CPU
		{74DB2F17-7E3E-4955-BA15-E59EB1E030FE}.Release|Any CPU.ActiveCfg = Release|Any CPU
		{74DB2F17-7E3E-4955-BA15-E59EB1E030FE}.Release|Any CPU.Build.0 = Release|Any CPU
		{960BFDA8-0D0B-4915-BF4D-A45327C41F9F}.Debug|Any CPU.ActiveCfg = Debug|Any CPU
		{960BFDA8-0D0B-4915-BF4D-A45327C41F9F}.Debug|Any CPU.Build.0 = Debug|Any CPU
		{960BFDA8-0D0B-4915-BF4D-A45327C41F9F}.Release|Any CPU.ActiveCfg = Release|Any CPU
		{960BFDA8-0D0B-4915-BF4D-A45327C41F9F}.Release|Any CPU.Build.0 = Release|Any CPU
		{3BFFCC60-1478-419E-BD83-25FC7EBB081E}.Debug|Any CPU.ActiveCfg = Debug|Any CPU
		{3BFFCC60-1478-419E-BD83-25FC7EBB081E}.Debug|Any CPU.Build.0 = Debug|Any CPU
		{3BFFCC60-1478-419E-BD83-25FC7EBB081E}.Release|Any CPU.ActiveCfg = Release|Any CPU
		{3BFFCC60-1478-419E-BD83-25FC7EBB081E}.Release|Any CPU.Build.0 = Release|Any CPU
	EndGlobalSection
	GlobalSection(SolutionProperties) = preSolution
		HideSolutionNode = FALSE
	EndGlobalSection
	GlobalSection(ExtensibilityGlobals) = postSolution
		SolutionGuid = {C376619B-F8C0-433B-B7F1-43B161E4B408}
	EndGlobalSection
EndGlobal
